{
  "name": "llm-confidence",
  "version": "1.0.0",
  "lockfileVersion": 3,
  "requires": true,
  "packages": {
    "": {
      "name": "llm-confidence",
      "version": "1.0.0",
      "license": "ISC",
      "dependencies": {
        "tiktoken": "^1.0.14"
      }
    },
    "node_modules/tiktoken": {
      "version": "1.0.14",
      "resolved": "https://registry.npmjs.org/tiktoken/-/tiktoken-1.0.14.tgz",
      "integrity": "sha512-g5zd5r/DoH8Kw0fiYbYpVhb6WO8BHO1unXqmBBWKwoT17HwSounnDtMDFUKm2Pko8U47sjQarOe+9aUrnqmmTg=="
    }
  }
}
